
Microsoft Visual Studio Solution File, Format Version 12.00
# Visual Studio Version 16
VisualStudioVersion = 16.0.28922.388
MinimumVisualStudioVersion = 10.0.40219.1
Project("{FAE04EC0-301F-11D3-BF4B-00C04F79EFBC}") = "WebApplication2", "WebApplication2\WebApplication2.csproj", "{5EDDDA8E-7E33-4302-9BD8-9D9CFC8C9C6F}"
EndProject
Global
	GlobalSection(SolutionConfigurationPlatforms) = preSolution
		Debug|Any CPU = Debug|Any CPU
		Release|Any CPU = Release|Any CPU
	EndGlobalSection
	GlobalSection(ProjectConfigurationPlatforms) = postSolution
		{5EDDDA8E-7E33-4302-9BD8-9D9CFC8C9C6F}.Debug|Any CPU.ActiveCfg = Debug|Any CPU
		{5EDDDA8E-7E33-4302-9BD8-9D9CFC8C9C6F}.Debug|Any CPU.Build.0 = Debug|Any CPU
		{5EDDDA8E-7E33-4302-9BD8-9D9CFC8C9C6F}.Release|Any CPU.ActiveCfg = Release|Any CPU
		{5EDDDA8E-7E33-4302-9BD8-9D9CFC8C9C6F}.Release|Any CPU.Build.0 = Release|Any CPU
	EndGlobalSection
	GlobalSection(SolutionProperties) = preSolution
		HideSolutionNode = FALSE
	EndGlobalSection
	GlobalSection(ExtensibilityGlobals) = postSolution
		SolutionGuid = {8057CF83-444C-4B4B-B4F2-71D6BF5AA1CE}
	EndGlobalSection
EndGlobal
