
Microsoft Visual Studio Solution File, Format Version 12.00
# Visual Studio Version 16
VisualStudioVersion = 16.0.28922.388
MinimumVisualStudioVersion = 10.0.40219.1
Project("{FAE04EC0-301F-11D3-BF4B-00C04F79EFBC}") = "Csharpprinting", "Csharpprinting\Csharpprinting.csproj", "{66C3B711-E3D2-4B2F-803D-1354FD29C71B}"
EndProject
Global
	GlobalSection(SolutionConfigurationPlatforms) = preSolution
		Debug|Any CPU = Debug|Any CPU
		Release|Any CPU = Release|Any CPU
	EndGlobalSection
	GlobalSection(ProjectConfigurationPlatforms) = postSolution
		{66C3B711-E3D2-4B2F-803D-1354FD29C71B}.Debug|Any CPU.ActiveCfg = Debug|Any CPU
		{66C3B711-E3D2-4B2F-803D-1354FD29C71B}.Debug|Any CPU.Build.0 = Debug|Any CPU
		{66C3B711-E3D2-4B2F-803D-1354FD29C71B}.Release|Any CPU.ActiveCfg = Release|Any CPU
		{66C3B711-E3D2-4B2F-803D-1354FD29C71B}.Release|Any CPU.Build.0 = Release|Any CPU
	EndGlobalSection
	GlobalSection(SolutionProperties) = preSolution
		HideSolutionNode = FALSE
	EndGlobalSection
	GlobalSection(ExtensibilityGlobals) = postSolution
		SolutionGuid = {D1814315-6D8A-4003-819F-BD5CFFF3B68D}
	EndGlobalSection
EndGlobal
